
Microsoft Visual Studio Solution File, Format Version 12.00
# Visual Studio Version 16
VisualStudioVersion = 16.0.33423.256
MinimumVisualStudioVersion = 10.0.40219.1
Project("{FAE04EC0-301F-11D3-BF4B-00C04F79EFBC}") = "Ejercicio02", "Ejercicio02\Ejercicio02.csproj", "{E4F6E462-B112-435C-86EC-49AAB7ACF0D1}"
EndProject
Global
	GlobalSection(SolutionConfigurationPlatforms) = preSolution
		Debug|Any CPU = Debug|Any CPU
		Release|Any CPU = Release|Any CPU
	EndGlobalSection
	GlobalSection(ProjectConfigurationPlatforms) = postSolution
		{E4F6E462-B112-435C-86EC-49AAB7ACF0D1}.Debug|Any CPU.ActiveCfg = Debug|Any CPU
		{E4F6E462-B112-435C-86EC-49AAB7ACF0D1}.Debug|Any CPU.Build.0 = Debug|Any CPU
		{E4F6E462-B112-435C-86EC-49AAB7ACF0D1}.Release|Any CPU.ActiveCfg = Release|Any CPU
		{E4F6E462-B112-435C-86EC-49AAB7ACF0D1}.Release|Any CPU.Build.0 = Release|Any CPU
	EndGlobalSection
	GlobalSection(SolutionProperties) = preSolution
		HideSolutionNode = FALSE
	EndGlobalSection
	GlobalSection(ExtensibilityGlobals) = postSolution
		SolutionGuid = {6C6F3557-17F7-4B8E-ADA0-CEA830FA2CC3}
	EndGlobalSection
EndGlobal
